
Microsoft Visual Studio Solution File, Format Version 12.00
# Visual Studio Version 16
VisualStudioVersion = 16.0.29920.165
MinimumVisualStudioVersion = 10.0.40219.1
Project("{FAE04EC0-301F-11D3-BF4B-00C04F79EFBC}") = "SystemRejestracjiWPrzychodni", "SystemRejestracjiWPrzychodni.csproj", "{52BE662F-4710-4BC9-9C95-FA3AB5EEF29A}"
EndProject
Project("{FAE04EC0-301F-11D3-BF4B-00C04F79EFBC}") = "PrzychodniaGUI", "..\PrzychodniaGUI\PrzychodniaGUI.csproj", "{5207B28E-B1CA-4152-8A40-B1A32E764C76}"
EndProject
Global
	GlobalSection(SolutionConfigurationPlatforms) = preSolution
		Debug|Any CPU = Debug|Any CPU
		Release|Any CPU = Release|Any CPU
	EndGlobalSection
	GlobalSection(ProjectConfigurationPlatforms) = postSolution
		{52BE662F-4710-4BC9-9C95-FA3AB5EEF29A}.Debug|Any CPU.ActiveCfg = Debug|Any CPU
		{52BE662F-4710-4BC9-9C95-FA3AB5EEF29A}.Debug|Any CPU.Build.0 = Debug|Any CPU
		{52BE662F-4710-4BC9-9C95-FA3AB5EEF29A}.Release|Any CPU.ActiveCfg = Release|Any CPU
		{52BE662F-4710-4BC9-9C95-FA3AB5EEF29A}.Release|Any CPU.Build.0 = Release|Any CPU
		{5207B28E-B1CA-4152-8A40-B1A32E764C76}.Debug|Any CPU.ActiveCfg = Debug|Any CPU
		{5207B28E-B1CA-4152-8A40-B1A32E764C76}.Debug|Any CPU.Build.0 = Debug|Any CPU
		{5207B28E-B1CA-4152-8A40-B1A32E764C76}.Release|Any CPU.ActiveCfg = Release|Any CPU
		{5207B28E-B1CA-4152-8A40-B1A32E764C76}.Release|Any CPU.Build.0 = Release|Any CPU
	EndGlobalSection
	GlobalSection(SolutionProperties) = preSolution
		HideSolutionNode = FALSE
	EndGlobalSection
	GlobalSection(ExtensibilityGlobals) = postSolution
		SolutionGuid = {CE91D5DF-EF78-4622-A82D-89AD36658894}
	EndGlobalSection
EndGlobal
